Microsoft Visual Studio Solution File, Format Version 12.00
# Visual Studio 2012
Project("{FAE04EC0-301F-11D3-BF4B-00C04F79EFBC}") = "BoomSplodey", "BoomSplodey.csproj", "{D685BA53-61AB-4C76-8A10-DF038EEA5550}"
EndProject
Global
	GlobalSection(SolutionConfigurationPlatforms) = preSolution
	Debug|Any CPU = Debug|Any CPU
	ExportDebug|Any CPU = ExportDebug|Any CPU
	ExportRelease|Any CPU = ExportRelease|Any CPU
	EndGlobalSection
	GlobalSection(ProjectConfigurationPlatforms) = postSolution
		{D685BA53-61AB-4C76-8A10-DF038EEA5550}.Debug|Any CPU.ActiveCfg = Debug|Any CPU
		{D685BA53-61AB-4C76-8A10-DF038EEA5550}.Debug|Any CPU.Build.0 = Debug|Any CPU
		{D685BA53-61AB-4C76-8A10-DF038EEA5550}.ExportDebug|Any CPU.ActiveCfg = ExportDebug|Any CPU
		{D685BA53-61AB-4C76-8A10-DF038EEA5550}.ExportDebug|Any CPU.Build.0 = ExportDebug|Any CPU
		{D685BA53-61AB-4C76-8A10-DF038EEA5550}.ExportRelease|Any CPU.ActiveCfg = ExportRelease|Any CPU
		{D685BA53-61AB-4C76-8A10-DF038EEA5550}.ExportRelease|Any CPU.Build.0 = ExportRelease|Any CPU
	EndGlobalSection
EndGlobal
